{
  "name": "@moyarich/workspace-tools",
  "version": "0.1.0",
  "lockfileVersion": 3,
  "requires": true,
  "packages": {
    "": {
      "name": "@moyarich/workspace-tools",
      "version": "0.1.0",
      "license": "MIT",
      "bin": {
        "workspace-publish": "bin/workspace-publish.mjs",
        "workspace-release": "bin/workspace-release.mjs"
      },
      "engines": {
        "node": ">=22"
      }
    }
  }
}
